// !$*UTF8*$!
{
	archiveVersion = 1;
	classes = {
	};
	objectVersion = 56;
	objects = {

/* Begin PBXBuildFile section */
		9012CB8129C25305008484D6 /* VisualisingDataStructuresApp.swift in Sources */ = {isa = PBXBuildFile; fileRef = 9012CB8029C25305008484D6 /* VisualisingDataStructuresApp.swift */; };
		9012CB8329C25305008484D6 /* ContentView.swift in Sources */ = {isa = PBXBuildFile; fileRef = 9012CB8229C25305008484D6 /* ContentView.swift */; };
		9012CB8529C25306008484D6 /* Assets.xcassets in Resources */ = {isa = PBXBuildFile; fileRef = 9012CB8429C25306008484D6 /* Assets.xcassets */; };
		9012CB8829C25306008484D6 /* Preview Assets.xcassets in Resources */ = {isa = PBXBuildFile; fileRef = 9012CB8729C25306008484D6 /* Preview Assets.xcassets */; };
		9012CB9229C25306008484D6 /* VisualisingDataStructuresTests.swift in Sources */ = {isa = PBXBuildFile; fileRef = 9012CB9129C25306008484D6 /* VisualisingDataStructuresTests.swift */; };
		9012CB9C29C25306008484D6 /* VisualisingDataStructuresUITests.swift in Sources */ = {isa = PBXBuildFile; fileRef = 9012CB9B29C25306008484D6 /* VisualisingDataStructuresUITests.swift */; };
		9012CB9E29C25306008484D6 /* VisualisingDataStructuresUITestsLaunchTests.swift in Sources */ = {isa = PBXBuildFile; fileRef = 9012CB9D29C25306008484D6 /* VisualisingDataStructuresUITestsLaunchTests.swift */; };
/* End PBXBuildFile section */

/* Begin PBXContainerItemProxy section */
		9012CB8E29C25306008484D6 /* PBXContainerItemProxy */ = {
			isa = PBXContainerItemProxy;
			containerPortal = 9012CB7529C25305008484D6 /* Project object */;
			proxyType = 1;
			remoteGlobalIDString = 9012CB7C29C25305008484D6;
			remoteInfo = VisualisingDataStructures;
		};
		9012CB9829C25306008484D6 /* PBXContainerItemProxy */ = {
			isa = PBXContainerItemProxy;
			containerPortal = 9012CB7529C25305008484D6 /* Project object */;
			proxyType = 1;
			remoteGlobalIDString = 9012CB7C29C25305008484D6;
			remoteInfo = VisualisingDataStructures;
		};
/* End PBXContainerItemProxy section */

/* Begin PBXFileReference section */
		9012CB7D29C25305008484D6 /* VisualisingDataStructures.app */ = {isa = PBXFileReference; explicitFileType = wrapper.application; includeInIndex = 0; path = VisualisingDataStructures.app; sourceTree = BUILT_PRODUCTS_DIR; };
		9012CB8029C25305008484D6 /* VisualisingDataStructuresApp.swift */ = {isa = PBXFileReference; lastKnownFileType = sourcecode.swift; path = VisualisingDataStructuresApp.swift; sourceTree = "<group>"; };
		9012CB8229C25305008484D6 /* ContentView.swift */ = {isa = PBXFileReference; lastKnownFileType = sourcecode.swift; path = ContentView.swift; sourceTree = "<group>"; };
		9012CB8429C25306008484D6 /* Assets.xcassets */ = {isa = PBXFileReference; lastKnownFileType = folder.assetcatalog; path = Assets.xcassets; sourceTree = "<group>"; };
		9012CB8729C25306008484D6 /* Preview Assets.xcassets */ = {isa = PBXFileReference; lastKnownFileType = folder.assetcatalog; path = "Preview Assets.xcassets"; sourceTree = "<group>"; };
		9012CB8D29C25306008484D6 /* VisualisingDataStructuresTests.xctest */ = {isa = PBXFileReference; explicitFileType = wrapper.cfbundle; includeInIndex = 0; path = VisualisingDataStructuresTests.xctest; sourceTree = BUILT_PRODUCTS_DIR; };
		9012CB9129C25306008484D6 /* VisualisingDataStructuresTests.swift */ = {isa = PBXFileReference; lastKnownFileType = sourcecode.swift; path = VisualisingDataStructuresTests.swift; sourceTree = "<group>"; };
		9012CB9729C25306008484D6 /* VisualisingDataStructuresUITests.xctest */ = {isa = PBXFileReference; explicitFileType = wrapper.cfbundle; includeInIndex = 0; path = VisualisingDataStructuresUITests.xctest; sourceTree = BUILT_PRODUCTS_DIR; };
		9012CB9B29C25306008484D6 /* VisualisingDataStructuresUITests.swift */ = {isa = PBXFileReference; lastKnownFileType = sourcecode.swift; path = VisualisingDataStructuresUITests.swift; sourceTree = "<group>"; };
		9012CB9D29C25306008484D6 /* VisualisingDataStructuresUITestsLaunchTests.swift */ = {isa = PBXFileReference; lastKnownFileType = sourcecode.swift; path = VisualisingDataStructuresUITestsLaunchTests.swift; sourceTree = "<group>"; };
/* End PBXFileReference section */

/* Begin PBXFrameworksBuildPhase section */
		9012CB7A29C25305008484D6 /* Frameworks */ = {
			isa = PBXFrameworksBuildPhase;
			buildActionMask = 2147483647;
			files = (
			);
			runOnlyForDeploymentPostprocessing = 0;
		};
		9012CB8A29C25306008484D6 /* Frameworks */ = {
			isa = PBXFrameworksBuildPhase;
			buildActionMask = 2147483647;
			files = (
			);
			runOnlyForDeploymentPostprocessing = 0;
		};
		9012CB9429C25306008484D6 /* Frameworks */ = {
			isa = PBXFrameworksBuildPhase;
			buildActionMask = 2147483647;
			files = (
			);
			runOnlyForDeploymentPostprocessing = 0;
		};
/* End PBXFrameworksBuildPhase section */

/* Begin PBXGroup section */
		9012CB7429C25305008484D6 = {
			isa = PBXGroup;
			children = (
				9012CB7F29C25305008484D6 /* VisualisingDataStructures */,
				9012CB9029C25306008484D6 /* VisualisingDataStructuresTests */,
				9012CB9A29C25306008484D6 /* VisualisingDataStructuresUITests */,
				9012CB7E29C25305008484D6 /* Products */,
			);
			sourceTree = "<group>";
		};
		9012CB7E29C25305008484D6 /* Products */ = {
			isa = PBXGroup;
			children = (
				9012CB7D29C25305008484D6 /* VisualisingDataStructures.app */,
				9012CB8D29C25306008484D6 /* VisualisingDataStructuresTests.xctest */,
				9012CB9729C25306008484D6 /* VisualisingDataStructuresUITests.xctest */,
			);
			name = Products;
			sourceTree = "<group>";
		};
		9012CB7F29C25305008484D6 /* VisualisingDataStructures */ = {
			isa = PBXGroup;
			children = (
				9012CB8029C25305008484D6 /* VisualisingDataStructuresApp.swift */,
				9012CB8229C25305008484D6 /* ContentView.swift */,
				9012CB8429C25306008484D6 /* Assets.xcassets */,
				9012CB8629C25306008484D6 /* Preview Content */,
			);
			path = VisualisingDataStructures;
			sourceTree = "<group>";
		};
		9012CB8629C25306008484D6 /* Preview Content */ = {
			isa = PBXGroup;
			children = (
				9012CB8729C25306008484D6 /* Preview Assets.xcassets */,
			);
			path = "Preview Content";
			sourceTree = "<group>";
		};
		9012CB9029C25306008484D6 /* VisualisingDataStructuresTests */ = {
			isa = PBXGroup;
			children = (
				9012CB9129C25306008484D6 /* VisualisingDataStructuresTests.swift */,
			);
			path = VisualisingDataStructuresTests;
			sourceTree = "<group>";
		};
		9012CB9A29C25306008484D6 /* VisualisingDataStructuresUITests */ = {
			isa = PBXGroup;
			children = (
				9012CB9B29C25306008484D6 /* VisualisingDataStructuresUITests.swift */,
				9012CB9D29C25306008484D6 /* VisualisingDataStructuresUITestsLaunchTests.swift */,
			);
			path = VisualisingDataStructuresUITests;
			sourceTree = "<group>";
		};
/* End PBXGroup section */

/* Begin PBXNativeTarget section */
		9012CB7C29C25305008484D6 /* VisualisingDataStructures */ = {
			isa = PBXNativeTarget;
			buildConfigurationList = 9012CBA129C25306008484D6 /* Build configuration list for PBXNativeTarget "VisualisingDataStructures" */;
			buildPhases = (
				9012CB7929C25305008484D6 /* Sources */,
				9012CB7A29C25305008484D6 /* Frameworks */,
				9012CB7B29C25305008484D6 /* Resources */,
			);
			buildRules = (
			);
			dependencies = (
			);
			name = VisualisingDataStructures;
			productName = VisualisingDataStructures;
			productReference = 9012CB7D29C25305008484D6 /* VisualisingDataStructures.app */;
			productType = "com.apple.product-type.application";
		};
		9012CB8C29C25306008484D6 /* VisualisingDataStructuresTests */ = {
			isa = PBXNativeTarget;
			buildConfigurationList = 9012CBA429C25306008484D6 /* Build configuration list for PBXNativeTarget "VisualisingDataStructuresTests" */;
			buildPhases = (
				9012CB8929C25306008484D6 /* Sources */,
				9012CB8A29C25306008484D6 /* Frameworks */,
				9012CB8B29C25306008484D6 /* Resources */,
			);
			buildRules = (
			);
			dependencies = (
				9012CB8F29C25306008484D6 /* PBXTargetDependency */,
			);
			name = VisualisingDataStructuresTests;
			productName = VisualisingDataStructuresTests;
			productReference = 9012CB8D29C25306008484D6 /* VisualisingDataStructuresTests.xctest */;
			productType = "com.apple.product-type.bundle.unit-test";
		};
		9012CB9629C25306008484D6 /* VisualisingDataStructuresUITests */ = {
			isa = PBXNativeTarget;
			buildConfigurationList = 9012CBA729C25306008484D6 /* Build configuration list for PBXNativeTarget "VisualisingDataStructuresUITests" */;
			buildPhases = (
				9012CB9329C25306008484D6 /* Sources */,
				9012CB9429C25306008484D6 /* Frameworks */,
				9012CB9529C25306008484D6 /* Resources */,
			);
			buildRules = (
			);
			dependencies = (
				9012CB9929C25306008484D6 /* PBXTargetDependency */,
			);
			name = VisualisingDataStructuresUITests;
			productName = VisualisingDataStructuresUITests;
			productReference = 9012CB9729C25306008484D6 /* VisualisingDataStructuresUITests.xctest */;
			productType = "com.apple.product-type.bundle.ui-testing";
		};
/* End PBXNativeTarget section */

/* Begin PBXProject section */
		9012CB7529C25305008484D6 /* Project object */ = {
			isa = PBXProject;
			attributes = {
				BuildIndependentTargetsInParallel = 1;
				LastSwiftUpdateCheck = 1420;
				LastUpgradeCheck = 1420;
				TargetAttributes = {
					9012CB7C29C25305008484D6 = {
						CreatedOnToolsVersion = 14.2;
					};
					9012CB8C29C25306008484D6 = {
						CreatedOnToolsVersion = 14.2;
						TestTargetID = 9012CB7C29C25305008484D6;
					};
					9012CB9629C25306008484D6 = {
						CreatedOnToolsVersion = 14.2;
						TestTargetID = 9012CB7C29C25305008484D6;
					};
				};
			};
			buildConfigurationList = 9012CB7829C25305008484D6 /* Build configuration list for PBXProject "VisualisingDataStructures" */;
			compatibilityVersion = "Xcode 14.0";
			developmentRegion = en;
			hasScannedForEncodings = 0;
			knownRegions = (
				en,
				Base,
			);
			mainGroup = 9012CB7429C25305008484D6;
			productRefGroup = 9012CB7E29C25305008484D6 /* Products */;
			projectDirPath = "";
			projectRoot = "";
			targets = (
				9012CB7C29C25305008484D6 /* VisualisingDataStructures */,
				9012CB8C29C25306008484D6 /* VisualisingDataStructuresTests */,
				9012CB9629C25306008484D6 /* VisualisingDataStructuresUITests */,
			);
		};
/* End PBXProject section */

/* Begin PBXResourcesBuildPhase section */
		9012CB7B29C25305008484D6 /* Resources */ = {
			isa = PBXResourcesBuildPhase;
			buildActionMask = 2147483647;
			files = (
				9012CB8829C25306008484D6 /* Preview Assets.xcassets in Resources */,
				9012CB8529C25306008484D6 /* Assets.xcassets in Resources */,
			);
			runOnlyForDeploymentPostprocessing = 0;
		};
		9012CB8B29C25306008484D6 /* Resources */ = {
			isa = PBXResourcesBuildPhase;
			buildActionMask = 2147483647;
			files = (
			);
			runOnlyForDeploymentPostprocessing = 0;
		};
		9012CB9529C25306008484D6 /* Resources */ = {
			isa = PBXResourcesBuildPhase;
			buildActionMask = 2147483647;
			files = (
			);
			runOnlyForDeploymentPostprocessing = 0;
		};
/* End PBXResourcesBuildPhase section */

/* Begin PBXSourcesBuildPhase section */
		9012CB7929C25305008484D6 /* Sources */ = {
			isa = PBXSourcesBuildPhase;
			buildActionMask = 2147483647;
			files = (
				9012CB8329C25305008484D6 /* ContentView.swift in Sources */,
				9012CB8129C25305008484D6 /* VisualisingDataStructuresApp.swift in Sources */,
			);
			runOnlyForDeploymentPostprocessing = 0;
		};
		9012CB8929C25306008484D6 /* Sources */ = {
			isa = PBXSourcesBuildPhase;
			buildActionMask = 2147483647;
			files = (
				9012CB9229C25306008484D6 /* VisualisingDataStructuresTests.swift in Sources */,
			);
			runOnlyForDeploymentPostprocessing = 0;
		};
		9012CB9329C25306008484D6 /* Sources */ = {
			isa = PBXSourcesBuildPhase;
			buildActionMask = 2147483647;
			files = (
				9012CB9C29C25306008484D6 /* VisualisingDataStructuresUITests.swift in Sources */,
				9012CB9E29C25306008484D6 /* VisualisingDataStructuresUITestsLaunchTests.swift in Sources */,
			);
			runOnlyForDeploymentPostprocessing = 0;
		};
/* End PBXSourcesBuildPhase section */

/* Begin PBXTargetDependency section */
		9012CB8F29C25306008484D6 /* PBXTargetDependency */ = {
			isa = PBXTargetDependency;
			target = 9012CB7C29C25305008484D6 /* VisualisingDataStructures */;
			targetProxy = 9012CB8E29C25306008484D6 /* PBXContainerItemProxy */;
		};
		9012CB9929C25306008484D6 /* PBXTargetDependency */ = {
			isa = PBXTargetDependency;
			target = 9012CB7C29C25305008484D6 /* VisualisingDataStructures */;
			targetProxy = 9012CB9829C25306008484D6 /* PBXContainerItemProxy */;
		};
/* End PBXTargetDependency section */

/* Begin XCBuildConfiguration section */
		9012CB9F29C25306008484D6 /* Debug */ = {
			isa = XCBuildConfiguration;
			buildSettings = {
				ALWAYS_SEARCH_USER_PATHS = NO;
				CLANG_ANALYZER_NONNULL = YES;
				CLANG_ANALYZER_NUMBER_OBJECT_CONVERSION = YES_AGGRESSIVE;
				CLANG_CXX_LANGUAGE_STANDARD = "gnu++20";
				CLANG_ENABLE_MODULES = YES;
				CLANG_ENABLE_OBJC_ARC = YES;
				CLANG_ENABLE_OBJC_WEAK = YES;
				CLANG_WARN_BLOCK_CAPTURE_AUTORELEASING = YES;
				CLANG_WARN_BOOL_CONVERSION = YES;
				CLANG_WARN_COMMA = YES;
				CLANG_WARN_CONSTANT_CONVERSION = YES;
				CLANG_WARN_DEPRECATED_OBJC_IMPLEMENTATIONS = YES;
				CLANG_WARN_DIRECT_OBJC_ISA_USAGE = YES_ERROR;
				CLANG_WARN_DOCUMENTATION_COMMENTS = YES;
				CLANG_WARN_EMPTY_BODY = YES;
				CLANG_WARN_ENUM_CONVERSION = YES;
				CLANG_WARN_INFINITE_RECURSION = YES;
				CLANG_WARN_INT_CONVERSION = YES;
				CLANG_WARN_NON_LITERAL_NULL_CONVERSION = YES;
				CLANG_WARN_OBJC_IMPLICIT_RETAIN_SELF = YES;
				CLANG_WARN_OBJC_LITERAL_CONVERSION = YES;
				CLANG_WARN_OBJC_ROOT_CLASS = YES_ERROR;
				CLANG_WARN_QUOTED_INCLUDE_IN_FRAMEWORK_HEADER = YES;
				CLANG_WARN_RANGE_LOOP_ANALYSIS = YES;
				CLANG_WARN_STRICT_PROTOTYPES = YES;
				CLANG_WARN_SUSPICIOUS_MOVE = YES;
				CLANG_WARN_UNGUARDED_AVAILABILITY = YES_AGGRESSIVE;
				CLANG_WARN_UNREACHABLE_CODE = YES;
				CLANG_WARN__DUPLICATE_METHOD_MATCH = YES;
				COPY_PHASE_STRIP = NO;
				DEBUG_INFORMATION_FORMAT = dwarf;
				ENABLE_STRICT_OBJC_MSGSEND = YES;
				ENABLE_TESTABILITY = YES;
				GCC_C_LANGUAGE_STANDARD = gnu11;
				GCC_DYNAMIC_NO_PIC = NO;
				GCC_NO_COMMON_BLOCKS = YES;
				GCC_OPTIMIZATION_LEVEL = 0;
				GCC_PREPROCESSOR_DEFINITIONS = (
					"DEBUG=1",
					"$(inherited)",
				);
				GCC_WARN_64_TO_32_BIT_CONVERSION = YES;
				GCC_WARN_ABOUT_RETURN_TYPE = YES_ERROR;
				GCC_WARN_UNDECLARED_SELECTOR = YES;
				GCC_WARN_UNINITIALIZED_AUTOS = YES_AGGRESSIVE;
				GCC_WARN_UNUSED_FUNCTION = YES;
				GCC_WARN_UNUSED_VARIABLE = YES;
				IPHONEOS_DEPLOYMENT_TARGET = 16.2;
				MTL_ENABLE_DEBUG_INFO = INCLUDE_SOURCE;
				MTL_FAST_MATH = YES;
				ONLY_ACTIVE_ARCH = YES;
				SDKROOT = iphoneos;
				SWIFT_ACTIVE_COMPILATION_CONDITIONS = DEBUG;
				SWIFT_OPTIMIZATION_LEVEL = "-Onone";
			};
			name = Debug;
		};
		9012CBA029C25306008484D6 /* Release */ = {
			isa = XCBuildConfiguration;
			buildSettings = {
				ALWAYS_SEARCH_USER_PATHS = NO;
				CLANG_ANALYZER_NONNULL = YES;
				CLANG_ANALYZER_NUMBER_OBJECT_CONVERSION = YES_AGGRESSIVE;
				CLANG_CXX_LANGUAGE_STANDARD = "gnu++20";
				CLANG_ENABLE_MODULES = YES;
				CLANG_ENABLE_OBJC_ARC = YES;
				CLANG_ENABLE_OBJC_WEAK = YES;
				CLANG_WARN_BLOCK_CAPTURE_AUTORELEASING = YES;
				CLANG_WARN_BOOL_CONVERSION = YES;
				CLANG_WARN_COMMA = YES;
				CLANG_WARN_CONSTANT_CONVERSION = YES;
				CLANG_WARN_DEPRECATED_OBJC_IMPLEMENTATIONS = YES;
				CLANG_WARN_DIRECT_OBJC_ISA_USAGE = YES_ERROR;
				CLANG_WARN_DOCUMENTATION_COMMENTS = YES;
				CLANG_WARN_EMPTY_BODY = YES;
				CLANG_WARN_ENUM_CONVERSION = YES;
				CLANG_WARN_INFINITE_RECURSION = YES;
				CLANG_WARN_INT_CONVERSION = YES;
				CLANG_WARN_NON_LITERAL_NULL_CONVERSION = YES;
				CLANG_WARN_OBJC_IMPLICIT_RETAIN_SELF = YES;
				CLANG_WARN_OBJC_LITERAL_CONVERSION = YES;
				CLANG_WARN_OBJC_ROOT_CLASS = YES_ERROR;
				CLANG_WARN_QUOTED_INCLUDE_IN_FRAMEWORK_HEADER = YES;
				CLANG_WARN_RANGE_LOOP_ANALYSIS = YES;
				CLANG_WARN_STRICT_PROTOTYPES = YES;
				CLANG_WARN_SUSPICIOUS_MOVE = YES;
				CLANG_WARN_UNGUARDED_AVAILABILITY = YES_AGGRESSIVE;
				CLANG_WARN_UNREACHABLE_CODE = YES;
				CLANG_WARN__DUPLICATE_METHOD_MATCH = YES;
				COPY_PHASE_STRIP = NO;
				DEBUG_INFORMATION_FORMAT = "dwarf-with-dsym";
				ENABLE_NS_ASSERTIONS = NO;
				ENABLE_STRICT_OBJC_MSGSEND = YES;
				GCC_C_LANGUAGE_STANDARD = gnu11;
				GCC_NO_COMMON_BLOCKS = YES;
				GCC_WARN_64_TO_32_BIT_CONVERSION = YES;
				GCC_WARN_ABOUT_RETURN_TYPE = YES_ERROR;
				GCC_WARN_UNDECLARED_SELECTOR = YES;
				GCC_WARN_UNINITIALIZED_AUTOS = YES_AGGRESSIVE;
				GCC_WARN_UNUSED_FUNCTION = YES;
				GCC_WARN_UNUSED_VARIABLE = YES;
				IPHONEOS_DEPLOYMENT_TARGET = 16.2;
				MTL_ENABLE_DEBUG_INFO = NO;
				MTL_FAST_MATH = YES;
				SDKROOT = iphoneos;
				SWIFT_COMPILATION_MODE = wholemodule;
				SWIFT_OPTIMIZATION_LEVEL = "-O";
				VALIDATE_PRODUCT = YES;
			};
			name = Release;
		};
		9012CBA229C25306008484D6 /* Debug */ = {
			isa = XCBuildConfiguration;
			buildSettings = {
				ASSETCATALOG_COMPILER_APPICON_NAME = AppIcon;
				ASSETCATALOG_COMPILER_GLOBAL_ACCENT_COLOR_NAME = AccentColor;
				CODE_SIGN_STYLE = Automatic;
				CURRENT_PROJECT_VERSION = 1;
				DEVELOPMENT_ASSET_PATHS = "\"VisualisingDataStructures/Preview Content\"";
				DEVELOPMENT_TEAM = 38UA2JBJ6X;
				ENABLE_PREVIEWS = YES;
				GENERATE_INFOPLIST_FILE = YES;
				INFOPLIST_KEY_UIApplicationSceneManifest_Generation = YES;
				INFOPLIST_KEY_UIApplicationSupportsIndirectInputEvents = YES;
				INFOPLIST_KEY_UILaunchScreen_Generation = YES;
				INFOPLIST_KEY_UISupportedInterfaceOrientations_iPad = "UIInterfaceOrientationPortrait UIInterfaceOrientationPortraitUpsideDown UIInterfaceOrientationLandscapeLeft UIInterfaceOrientationLandscapeRight";
				INFOPLIST_KEY_UISupportedInterfaceOrientations_iPhone = "UIInterfaceOrientationPortrait UIInterfaceOrientationLandscapeLeft UIInterfaceOrientationLandscapeRight";
				LD_RUNPATH_SEARCH_PATHS = (
					"$(inherited)",
					"@executable_path/Frameworks",
				);
				MARKETING_VERSION = 1.0;
				PRODUCT_BUNDLE_IDENTIFIER = com.pbuclez.VisualisingDataStructures;
				PRODUCT_NAME = "$(TARGET_NAME)";
				SWIFT_EMIT_LOC_STRINGS = YES;
				SWIFT_VERSION = 5.0;
				TARGETED_DEVICE_FAMILY = "1,2";
			};
			name = Debug;
		};
		9012CBA329C25306008484D6 /* Release */ = {
			isa = XCBuildConfiguration;
			buildSettings = {
				ASSETCATALOG_COMPILER_APPICON_NAME = AppIcon;
				ASSETCATALOG_COMPILER_GLOBAL_ACCENT_COLOR_NAME = AccentColor;
				CODE_SIGN_STYLE = Automatic;
				CURRENT_PROJECT_VERSION = 1;
				DEVELOPMENT_ASSET_PATHS = "\"VisualisingDataStructures/Preview Content\"";
				DEVELOPMENT_TEAM = 38UA2JBJ6X;
				ENABLE_PREVIEWS = YES;
				GENERATE_INFOPLIST_FILE = YES;
				INFOPLIST_KEY_UIApplicationSceneManifest_Generation = YES;
				INFOPLIST_KEY_UIApplicationSupportsIndirectInputEvents = YES;
				INFOPLIST_KEY_UILaunchScreen_Generation = YES;
				INFOPLIST_KEY_UISupportedInterfaceOrientations_iPad = "UIInterfaceOrientationPortrait UIInterfaceOrientationPortraitUpsideDown UIInterfaceOrientationLandscapeLeft UIInterfaceOrientationLandscapeRight";
				INFOPLIST_KEY_UISupportedInterfaceOrientations_iPhone = "UIInterfaceOrientationPortrait UIInterfaceOrientationLandscapeLeft UIInterfaceOrientationLandscapeRight";
				LD_RUNPATH_SEARCH_PATHS = (
					"$(inherited)",
					"@executable_path/Frameworks",
				);
				MARKETING_VERSION = 1.0;
				PRODUCT_BUNDLE_IDENTIFIER = com.pbuclez.VisualisingDataStructures;
				PRODUCT_NAME = "$(TARGET_NAME)";
				SWIFT_EMIT_LOC_STRINGS = YES;
				SWIFT_VERSION = 5.0;
				TARGETED_DEVICE_FAMILY = "1,2";
			};
			name = Release;
		};
		9012CBA529C25306008484D6 /* Debug */ = {
			isa = XCBuildConfiguration;
			buildSettings = {
				ALWAYS_EMBED_SWIFT_STANDARD_LIBRARIES = YES;
				BUNDLE_LOADER = "$(TEST_HOST)";
				CODE_SIGN_STYLE = Automatic;
				CURRENT_PROJECT_VERSION = 1;
				DEVELOPMENT_TEAM = 38UA2JBJ6X;
				GENERATE_INFOPLIST_FILE = YES;
				IPHONEOS_DEPLOYMENT_TARGET = 16.2;
				MARKETING_VERSION = 1.0;
				PRODUCT_BUNDLE_IDENTIFIER = com.pbuclez.VisualisingDataStructuresTests;
				PRODUCT_NAME = "$(TARGET_NAME)";
				SWIFT_EMIT_LOC_STRINGS = NO;
				SWIFT_VERSION = 5.0;
				TARGETED_DEVICE_FAMILY = "1,2";
				TEST_HOST = "$(BUILT_PRODUCTS_DIR)/VisualisingDataStructures.app/$(BUNDLE_EXECUTABLE_FOLDER_PATH)/VisualisingDataStructures";
			};
			name = Debug;
		};
		9012CBA629C25306008484D6 /* Release */ = {
			isa = XCBuildConfiguration;
			buildSettings = {
				ALWAYS_EMBED_SWIFT_STANDARD_LIBRARIES = YES;
				BUNDLE_LOADER = "$(TEST_HOST)";
				CODE_SIGN_STYLE = Automatic;
				CURRENT_PROJECT_VERSION = 1;
				DEVELOPMENT_TEAM = 38UA2JBJ6X;
				GENERATE_INFOPLIST_FILE = YES;
				IPHONEOS_DEPLOYMENT_TARGET = 16.2;
				MARKETING_VERSION = 1.0;
				PRODUCT_BUNDLE_IDENTIFIER = com.pbuclez.VisualisingDataStructuresTests;
				PRODUCT_NAME = "$(TARGET_NAME)";
				SWIFT_EMIT_LOC_STRINGS = NO;
				SWIFT_VERSION = 5.0;
				TARGETED_DEVICE_FAMILY = "1,2";
				TEST_HOST = "$(BUILT_PRODUCTS_DIR)/VisualisingDataStructures.app/$(BUNDLE_EXECUTABLE_FOLDER_PATH)/VisualisingDataStructures";
			};
			name = Release;
		};
		9012CBA829C25306008484D6 /* Debug */ = {
			isa = XCBuildConfiguration;
			buildSettings = {
				ALWAYS_EMBED_SWIFT_STANDARD_LIBRARIES = YES;
				CODE_SIGN_STYLE = Automatic;
				CURRENT_PROJECT_VERSION = 1;
				DEVELOPMENT_TEAM = 38UA2JBJ6X;
				GENERATE_INFOPLIST_FILE = YES;
				MARKETING_VERSION = 1.0;
				PRODUCT_BUNDLE_IDENTIFIER = com.pbuclez.VisualisingDataStructuresUITests;
				PRODUCT_NAME = "$(TARGET_NAME)";
				SWIFT_EMIT_LOC_STRINGS = NO;
				SWIFT_VERSION = 5.0;
				TARGETED_DEVICE_FAMILY = "1,2";
				TEST_TARGET_NAME = VisualisingDataStructures;
			};
			name = Debug;
		};
		9012CBA929C25306008484D6 /* Release */ = {
			isa = XCBuildConfiguration;
			buildSettings = {
				ALWAYS_EMBED_SWIFT_STANDARD_LIBRARIES = YES;
				CODE_SIGN_STYLE = Automatic;
				CURRENT_PROJECT_VERSION = 1;
				DEVELOPMENT_TEAM = 38UA2JBJ6X;
				GENERATE_INFOPLIST_FILE = YES;
				MARKETING_VERSION = 1.0;
				PRODUCT_BUNDLE_IDENTIFIER = com.pbuclez.VisualisingDataStructuresUITests;
				PRODUCT_NAME = "$(TARGET_NAME)";
				SWIFT_EMIT_LOC_STRINGS = NO;
				SWIFT_VERSION = 5.0;
				TARGETED_DEVICE_FAMILY = "1,2";
				TEST_TARGET_NAME = VisualisingDataStructures;
			};
			name = Release;
		};
/* End XCBuildConfiguration section */

/* Begin XCConfigurationList section */
		9012CB7829C25305008484D6 /* Build configuration list for PBXProject "VisualisingDataStructures" */ = {
			isa = XCConfigurationList;
			buildConfigurations = (
				9012CB9F29C25306008484D6 /* Debug */,
				9012CBA029C25306008484D6 /* Release */,
			);
			defaultConfigurationIsVisible = 0;
			defaultConfigurationName = Release;
		};
		9012CBA129C25306008484D6 /* Build configuration list for PBXNativeTarget "VisualisingDataStructures" */ = {
			isa = XCConfigurationList;
			buildConfigurations = (
				9012CBA229C25306008484D6 /* Debug */,
				9012CBA329C25306008484D6 /* Release */,
			);
			defaultConfigurationIsVisible = 0;
			defaultConfigurationName = Release;
		};
		9012CBA429C25306008484D6 /* Build configuration list for PBXNativeTarget "VisualisingDataStructuresTests" */ = {
			isa = XCConfigurationList;
			buildConfigurations = (
				9012CBA529C25306008484D6 /* Debug */,
				9012CBA629C25306008484D6 /* Release */,
			);
			defaultConfigurationIsVisible = 0;
			defaultConfigurationName = Release;
		};
		9012CBA729C25306008484D6 /* Build configuration list for PBXNativeTarget "VisualisingDataStructuresUITests" */ = {
			isa = XCConfigurationList;
			buildConfigurations = (
				9012CBA829C25306008484D6 /* Debug */,
				9012CBA929C25306008484D6 /* Release */,
			);
			defaultConfigurationIsVisible = 0;
			defaultConfigurationName = Release;
		};
/* End XCConfigurationList section */
	};
	rootObject = 9012CB7529C25305008484D6 /* Project object */;
}
